
Microsoft Visual Studio Solution File, Format Version 12.00
# Visual Studio Version 17
VisualStudioVersion = 17.14.36401.2
MinimumVisualStudioVersion = 10.0.40219.1
Project("{FAE04EC0-301F-11D3-BF4B-00C04F79EFBC}") = "Action Filters", "Action Filters\Action Filters.csproj", "{9E41CB35-C8C1-4D95-9D5B-E80B655C7CAD}"
EndProject
Project("{FAE04EC0-301F-11D3-BF4B-00C04F79EFBC}") = "Resource Filters", "Resource Filters\Resource Filters.csproj", "{FD5D8933-60DA-458D-B88B-D28B1F5A3B10}"
EndProject
Project("{FAE04EC0-301F-11D3-BF4B-00C04F79EFBC}") = "Result Filters", "Result Filters\Result Filters.csproj", "{805F38CF-D217-4AEF-8205-EB90BB017FD0}"
EndProject
Project("{FAE04EC0-301F-11D3-BF4B-00C04F79EFBC}") = "Exception Filters", "Exception Filters\Exception Filters.csproj", "{424F6F86-C8E3-4FC3-BD76-1352118CB003}"
EndProject
Global
	GlobalSection(SolutionConfigurationPlatforms) = preSolution
		Debug|Any CPU = Debug|Any CPU
		Release|Any CPU = Release|Any CPU
	EndGlobalSection
	GlobalSection(ProjectConfigurationPlatforms) = postSolution
		{9E41CB35-C8C1-4D95-9D5B-E80B655C7CAD}.Debug|Any CPU.ActiveCfg = Debug|Any CPU
		{9E41CB35-C8C1-4D95-9D5B-E80B655C7CAD}.Debug|Any CPU.Build.0 = Debug|Any CPU
		{9E41CB35-C8C1-4D95-9D5B-E80B655C7CAD}.Release|Any CPU.ActiveCfg = Release|Any CPU
		{9E41CB35-C8C1-4D95-9D5B-E80B655C7CAD}.Release|Any CPU.Build.0 = Release|Any CPU
		{FD5D8933-60DA-458D-B88B-D28B1F5A3B10}.Debug|Any CPU.ActiveCfg = Debug|Any CPU
		{FD5D8933-60DA-458D-B88B-D28B1F5A3B10}.Debug|Any CPU.Build.0 = Debug|Any CPU
		{FD5D8933-60DA-458D-B88B-D28B1F5A3B10}.Release|Any CPU.ActiveCfg = Release|Any CPU
		{FD5D8933-60DA-458D-B88B-D28B1F5A3B10}.Release|Any CPU.Build.0 = Release|Any CPU
		{805F38CF-D217-4AEF-8205-EB90BB017FD0}.Debug|Any CPU.ActiveCfg = Debug|Any CPU
		{805F38CF-D217-4AEF-8205-EB90BB017FD0}.Debug|Any CPU.Build.0 = Debug|Any CPU
		{805F38CF-D217-4AEF-8205-EB90BB017FD0}.Release|Any CPU.ActiveCfg = Release|Any CPU
		{805F38CF-D217-4AEF-8205-EB90BB017FD0}.Release|Any CPU.Build.0 = Release|Any CPU
		{424F6F86-C8E3-4FC3-BD76-1352118CB003}.Debug|Any CPU.ActiveCfg = Debug|Any CPU
		{424F6F86-C8E3-4FC3-BD76-1352118CB003}.Debug|Any CPU.Build.0 = Debug|Any CPU
		{424F6F86-C8E3-4FC3-BD76-1352118CB003}.Release|Any CPU.ActiveCfg = Release|Any CPU
		{424F6F86-C8E3-4FC3-BD76-1352118CB003}.Release|Any CPU.Build.0 = Release|Any CPU
	EndGlobalSection
	GlobalSection(SolutionProperties) = preSolution
		HideSolutionNode = FALSE
	EndGlobalSection
	GlobalSection(ExtensibilityGlobals) = postSolution
		SolutionGuid = {6A8C9215-2FC3-4AFB-BEE9-74DCF6586B4B}
	EndGlobalSection
EndGlobal
